
Microsoft Visual Studio Solution File, Format Version 12.00
# Visual Studio 15
VisualStudioVersion = 15.0.36324.19
MinimumVisualStudioVersion = 10.0.40219.1
Project("{FAE04EC0-301F-11D3-BF4B-00C04F79EFBC}") = "Payroll", "Payroll\Payroll.csproj", "{21046142-5109-483B-9991-E85F1D3D00DF}"
EndProject
Project("{FAE04EC0-301F-11D3-BF4B-00C04F79EFBC}") = "DataAccess", "DataAccess\DataAccess.csproj", "{C8DA7088-9E07-477D-83D9-94477B7DE17B}"
EndProject
Project("{FAE04EC0-301F-11D3-BF4B-00C04F79EFBC}") = "BusinessLogic", "BusinessLogic\BusinessLogic.csproj", "{CAC7A6A2-E469-4F6F-8CF3-8F39402673D5}"
EndProject
Global
	GlobalSection(SolutionConfigurationPlatforms) = preSolution
		Debug|Any CPU = Debug|Any CPU
		Release|Any CPU = Release|Any CPU
	EndGlobalSection
	GlobalSection(ProjectConfigurationPlatforms) = postSolution
		{21046142-5109-483B-9991-E85F1D3D00DF}.Debug|Any CPU.ActiveCfg = Debug|Any CPU
		{21046142-5109-483B-9991-E85F1D3D00DF}.Debug|Any CPU.Build.0 = Debug|Any CPU
		{21046142-5109-483B-9991-E85F1D3D00DF}.Release|Any CPU.ActiveCfg = Release|Any CPU
		{21046142-5109-483B-9991-E85F1D3D00DF}.Release|Any CPU.Build.0 = Release|Any CPU
		{C8DA7088-9E07-477D-83D9-94477B7DE17B}.Debug|Any CPU.ActiveCfg = Debug|Any CPU
		{C8DA7088-9E07-477D-83D9-94477B7DE17B}.Debug|Any CPU.Build.0 = Debug|Any CPU
		{C8DA7088-9E07-477D-83D9-94477B7DE17B}.Release|Any CPU.ActiveCfg = Release|Any CPU
		{C8DA7088-9E07-477D-83D9-94477B7DE17B}.Release|Any CPU.Build.0 = Release|Any CPU
		{CAC7A6A2-E469-4F6F-8CF3-8F39402673D5}.Debug|Any CPU.ActiveCfg = Debug|Any CPU
		{CAC7A6A2-E469-4F6F-8CF3-8F39402673D5}.Debug|Any CPU.Build.0 = Debug|Any CPU
		{CAC7A6A2-E469-4F6F-8CF3-8F39402673D5}.Release|Any CPU.ActiveCfg = Release|Any CPU
		{CAC7A6A2-E469-4F6F-8CF3-8F39402673D5}.Release|Any CPU.Build.0 = Release|Any CPU
	EndGlobalSection
	GlobalSection(SolutionProperties) = preSolution
		HideSolutionNode = FALSE
	EndGlobalSection
	GlobalSection(ExtensibilityGlobals) = postSolution
		SolutionGuid = {8BE03317-59EF-4B8B-B45F-2911AD66B2E9}
	EndGlobalSection
EndGlobal
